# This file is automatically @generated by Cargo.
# It is not intended for manual editing.
[[package]]
name = "arrayref"
version = "0.3.6"
source = "registry+https://github.com/rust-lang/crates.io-index"
checksum = "a4c527152e37cf757a3f78aae5a06fbeefdb07ccc535c980a3208ee3060dd544"

[[package]]
name = "autocfg"
version = "0.1.7"
source = "registry+https://github.com/rust-lang/crates.io-index"
checksum = "1d49d90015b3c36167a20fe2810c5cd875ad504b39cff3d4eae7977e6b7c1cb2"

[[package]]
name = "block-buffer"
version = "0.7.3"
source = "git+https://github.com/mesalock-linux/rustcrypto-utils-sgx#07ebf780554e018037f750186d61ea9bdc031148"
dependencies = [
 "block-padding",
 "byte-tools",
 "byteorder",
 "generic-array",
]

[[package]]
name = "block-padding"
version = "0.1.4"
source = "git+https://github.com/mesalock-linux/rustcrypto-utils-sgx#07ebf780554e018037f750186d61ea9bdc031148"
dependencies = [
 "byte-tools",
]

[[package]]
name = "byte-tools"
version = "0.3.1"
source = "git+https://github.com/mesalock-linux/rustcrypto-utils-sgx#07ebf780554e018037f750186d61ea9bdc031148"

[[package]]
name = "byteorder"
version = "1.3.4"
source = "git+https://github.com/mesalock-linux/byteorder-sgx#325f392dcd294109eb05f0a3c45e4141514c7784"
dependencies = [
 "sgx_tstd",
]

[[package]]
name = "cc"
version = "1.0.65"
source = "registry+https://github.com/rust-lang/crates.io-index"
checksum = "95752358c8f7552394baf48cd82695b345628ad3f170d607de3ca03b8dacca15"

[[package]]
name = "cfg-if"
version = "0.1.10"
source = "registry+https://github.com/rust-lang/crates.io-index"
checksum = "4785bdd1c96b2a846b2bd7cc02e86b6b3dbf14e7e53446c4f54c92a361040822"

[[package]]
name = "crunchy"
version = "0.2.2"
source = "registry+https://github.com/rust-lang/crates.io-index"
checksum = "7a81dae078cea95a014a339291cec439d2f232ebe854a9d672b796c6afafa9b7"

[[package]]
name = "crypto-mac"
version = "0.8.0"
source = "git+https://github.com/mesalock-linux/rustcrypto-traits-sgx#7a5cb154f438c2401b3d8e37de96dd0acf8f493e"
dependencies = [
 "generic-array",
 "subtle",
]

[[package]]
name = "curv"
version = "0.2.8"
source = "git+https://github.com/commerceblock/curv.git?branch=sgx#dc86cd9a61a9e082f325be495a9003c452624d05"
dependencies = [
 "digest 0.8.1 (git+https://github.com/mesalock-linux/rustcrypto-traits-sgx?tag=sgx_1.1.3)",
 "hmac 0.7.1 (git+https://github.com/mesalock-linux/rustcrypto-MACs-sgx?tag=sgx_1.1.3)",
 "num-bigint-dig",
 "num-integer",
 "num-traits",
 "rand",
 "secp256k1-sgx",
 "serde",
 "serde_cbor",
 "serde_derive",
 "sgx_rand",
 "sgx_serialize_derive",
 "sgx_tstd",
 "sha2 0.8.0 (git+https://github.com/mesalock-linux/rustcrypto-hashes-sgx?tag=sgx_1.1.3)",
 "sha3",
 "zeroize",
]

[[package]]
name = "digest"
version = "0.8.1"
source = "git+https://github.com/mesalock-linux/rustcrypto-traits-sgx?tag=sgx_1.1.3#7a5cb154f438c2401b3d8e37de96dd0acf8f493e"
dependencies = [
 "generic-array",
]

[[package]]
name = "digest"
version = "0.8.1"
source = "git+https://github.com/mesalock-linux/rustcrypto-traits-sgx#7a5cb154f438c2401b3d8e37de96dd0acf8f493e"
dependencies = [
 "generic-array",
 "sgx_tstd",
]

[[package]]
name = "fake-simd"
version = "0.1.2"
source = "registry+https://github.com/rust-lang/crates.io-index"
checksum = "e88a8acf291dafb59c2d96e8f59828f3838bb1a70398823ade51a84de6a6deed"

[[package]]
name = "generic-array"
version = "0.12.3"
source = "registry+https://github.com/rust-lang/crates.io-index"
checksum = "c68f0274ae0e023facc3c97b2e00f076be70e254bc851d972503b328db79b2ec"
dependencies = [
 "typenum",
]

[[package]]
name = "getrandom"
version = "0.1.14"
source = "git+https://github.com/mesalock-linux/getrandom-sgx#0aa9cc20c7dea713ccaac2c44430d625a395ebae"
dependencies = [
 "cfg-if",
 "sgx_libc",
 "sgx_trts",
 "sgx_tstd",
]

[[package]]
name = "half"
version = "1.6.0"
source = "registry+https://github.com/rust-lang/crates.io-index"
checksum = "d36fab90f82edc3c747f9d438e06cf0a491055896f2a279638bb5beed6c40177"

[[package]]
name = "hashbrown_tstd"
version = "0.9.0"
source = "git+https://github.com/apache/teaclave-sgx-sdk.git?rev=v1.1.3#254368badb9eb2d4cdab631a34e234bf6e54e585"

[[package]]
name = "hmac"
version = "0.7.1"
source = "git+https://github.com/mesalock-linux/rustcrypto-MACs-sgx?tag=sgx_1.1.3#e8e1410b9c82d2e59da42fa8b0d8ed38e80a203c"
dependencies = [
 "crypto-mac",
 "digest 0.8.1 (git+https://github.com/mesalock-linux/rustcrypto-traits-sgx)",
]

[[package]]
name = "hmac"
version = "0.7.1"
source = "git+https://github.com/mesalock-linux/rustcrypto-MACs-sgx#e8e1410b9c82d2e59da42fa8b0d8ed38e80a203c"
dependencies = [
 "crypto-mac",
 "digest 0.8.1 (git+https://github.com/mesalock-linux/rustcrypto-traits-sgx)",
]

[[package]]
name = "hmac-drbg"
version = "0.1.2"
source = "git+https://github.com/mesalock-linux/hmac-drbg-rs-sgx#89d6b0113157599417af867a8d2b4afd5c6f1946"
dependencies = [
 "generic-array",
 "hmac 0.7.1 (git+https://github.com/mesalock-linux/rustcrypto-MACs-sgx)",
]

[[package]]
name = "keccak"
version = "0.1.0"
source = "registry+https://github.com/rust-lang/crates.io-index"
checksum = "67c21572b4949434e4fc1e1978b99c5f77064153c59d998bf13ecd96fb5ecba7"

[[package]]
name = "lazy_static"
version = "1.4.0"
source = "registry+https://github.com/rust-lang/crates.io-index"
checksum = "e2abad23fbc42b3700f2f279844dc832adb2b2eb069b2df918f455c4e18cc646"
dependencies = [
 "spin",
]

[[package]]
name = "libc"
version = "0.2.80"
source = "registry+https://github.com/rust-lang/crates.io-index"
checksum = "4d58d1b70b004888f764dfbf6a26a3b0342a1632d33968e4a179d8011c760614"

[[package]]
name = "libm"
version = "0.1.4"
source = "registry+https://github.com/rust-lang/crates.io-index"
checksum = "7fc7aa29613bd6a620df431842069224d8bc9011086b1db4c0e0cd47fa03ec9a"

[[package]]
name = "libm"
version = "0.2.1"
source = "registry+https://github.com/rust-lang/crates.io-index"
checksum = "c7d73b3f436185384286bd8098d17ec07c9a7d2388a6599f824d8502b529702a"

[[package]]
name = "libsecp256k1"
version = "0.3.5"
source = "git+https://github.com/mesalock-linux/libsecp256k1-rs-sgx.git#13d961e7644642b2aacdaffcdaee5df204b181cd"
dependencies = [
 "arrayref",
 "crunchy",
 "digest 0.8.1 (git+https://github.com/mesalock-linux/rustcrypto-traits-sgx)",
 "hmac-drbg",
 "rand",
 "sgx_tstd",
 "sha2 0.8.0 (git+https://github.com/mesalock-linux/rustcrypto-hashes-sgx)",
 "subtle",
 "typenum",
]

[[package]]
name = "lockbox_enclave"
version = "1.0.0"
dependencies = [
 "curv",
 "libsecp256k1",
 "secp256k1-sgx",
 "serde",
 "serde_cbor",
 "serde_derive",
 "sgx_rand",
 "sgx_serialize",
 "sgx_serialize_derive",
 "sgx_tcrypto",
 "sgx_trts",
 "sgx_tseal",
 "sgx_tstd",
 "sgx_types",
]

[[package]]
name = "num-bigint-dig"
version = "0.6.0"
source = "git+https://github.com/mesalock-linux/num-bigint-sgx?branch=dig#bfba2d78dbe6272861f040a96edc2d1c23665d07"
dependencies = [
 "byteorder",
 "lazy_static",
 "libm 0.2.1",
 "num-integer",
 "num-iter",
 "num-traits",
 "rand",
 "serde",
 "sgx_tstd",
 "smallvec",
]

[[package]]
name = "num-integer"
version = "0.1.41"
source = "git+https://github.com/mesalock-linux/num-integer-sgx#404c50e5378ca635261688b080dee328ff42b6bd"
dependencies = [
 "autocfg",
 "num-traits",
 "sgx_tstd",
]

[[package]]
name = "num-iter"
version = "0.1.39"
source = "git+https://github.com/mesalock-linux/num-iter-sgx#f19fc44fcad0b82a040e5a24c511e5049cc04b60"
dependencies = [
 "num-integer",
 "num-traits",
 "sgx_tstd",
]

[[package]]
name = "num-traits"
version = "0.2.10"
source = "git+https://github.com/mesalock-linux/num-traits-sgx#af046e0b15c594c960007418097dd4ff37ec3f7a"
dependencies = [
 "autocfg",
 "sgx_tstd",
]

[[package]]
name = "opaque-debug"
version = "0.2.3"
source = "registry+https://github.com/rust-lang/crates.io-index"
checksum = "2839e79665f131bdb5782e51f2c6c9599c133c6098982a54c794358bf432529c"

[[package]]
name = "packed_simd_2"
version = "0.3.4"
source = "registry+https://github.com/rust-lang/crates.io-index"
checksum = "3278e0492f961fd4ae70909f56b2723a7e8d01a228427294e19cdfdebda89a17"
dependencies = [
 "cfg-if",
 "libm 0.1.4",
]

[[package]]
name = "ppv-lite86"
version = "0.2.6"
source = "git+https://github.com/mesalock-linux/cryptocorrosion-sgx#32d7de50b5f03a10fe5a42167410be2dd3c2e389"

[[package]]
name = "proc-macro2"
version = "1.0.24"
source = "registry+https://github.com/rust-lang/crates.io-index"
checksum = "1e0704ee1a7e00d7bb417d0770ea303c1bccbabf0ef1667dae92b5967f5f8a71"
dependencies = [
 "unicode-xid 0.2.1",
]

[[package]]
name = "quote"
version = "0.3.15"
source = "registry+https://github.com/rust-lang/crates.io-index"
checksum = "7a6e920b65c65f10b2ae65c831a81a073a89edd28c7cce89475bff467ab4167a"

[[package]]
name = "quote"
version = "1.0.7"
source = "registry+https://github.com/rust-lang/crates.io-index"
checksum = "aa563d17ecb180e500da1cfd2b028310ac758de548efdd203e18f283af693f37"
dependencies = [
 "proc-macro2",
]

[[package]]
name = "rand"
version = "0.7.3"
source = "git+https://github.com/mesalock-linux/rand-sgx?tag=v0.7.3_sgx1.1.3#83583f073de3b4f75c3c3ef5e174d484ed941f85"
dependencies = [
 "getrandom",
 "packed_simd_2",
 "rand_chacha",
 "rand_core",
 "sgx_tstd",
]

[[package]]
name = "rand_chacha"
version = "0.2.2"
source = "git+https://github.com/mesalock-linux/rand-sgx?tag=v0.7.3_sgx1.1.3#83583f073de3b4f75c3c3ef5e174d484ed941f85"
dependencies = [
 "ppv-lite86",
 "rand_core",
 "sgx_tstd",
]

[[package]]
name = "rand_core"
version = "0.5.1"
source = "git+https://github.com/mesalock-linux/rand-sgx?tag=v0.7.3_sgx1.1.3#83583f073de3b4f75c3c3ef5e174d484ed941f85"
dependencies = [
 "getrandom",
 "sgx_tstd",
]

[[package]]
name = "secp256k1-sgx"
version = "0.1.0"
source = "git+https://github.com/commerceblock/rust-secp256k1-sgx.git#07922dc8942a35ce74b18408957f1a6c02c48abd"
dependencies = [
 "cc",
 "libc",
 "sgx_rand",
 "sgx_tstd",
]

[[package]]
name = "serde"
version = "1.0.117"
source = "git+https://github.com/mesalock-linux/serde-sgx#f65f251fee55aa1618f3c22878ada540bbe02557"
dependencies = [
 "sgx_tstd",
]

[[package]]
name = "serde_cbor"
version = "0.11.1"
source = "git+https://github.com/mesalock-linux/cbor-sgx#64211d5d095bc0e39259de45f6e88f78d8de77fb"
dependencies = [
 "half",
 "serde",
 "sgx_tstd",
]

[[package]]
name = "serde_derive"
version = "1.0.117"
source = "git+https://github.com/mesalock-linux/serde-sgx#f65f251fee55aa1618f3c22878ada540bbe02557"
dependencies = [
 "proc-macro2",
 "quote 1.0.7",
 "syn 1.0.51",
]

[[package]]
name = "sgx_alloc"
version = "1.1.3"
source = "git+https://github.com/apache/teaclave-sgx-sdk.git?rev=v1.1.3#254368badb9eb2d4cdab631a34e234bf6e54e585"

[[package]]
name = "sgx_backtrace_sys"
version = "1.1.3"
source = "git+https://github.com/apache/teaclave-sgx-sdk.git?rev=v1.1.3#254368badb9eb2d4cdab631a34e234bf6e54e585"
dependencies = [
 "cc",
 "sgx_build_helper",
 "sgx_libc",
]

[[package]]
name = "sgx_build_helper"
version = "0.1.3"
source = "git+https://github.com/apache/teaclave-sgx-sdk.git?rev=v1.1.3#254368badb9eb2d4cdab631a34e234bf6e54e585"

[[package]]
name = "sgx_demangle"
version = "1.1.3"
source = "git+https://github.com/apache/teaclave-sgx-sdk.git?rev=v1.1.3#254368badb9eb2d4cdab631a34e234bf6e54e585"

[[package]]
name = "sgx_libc"
version = "1.1.3"
source = "git+https://github.com/apache/teaclave-sgx-sdk.git?rev=v1.1.3#254368badb9eb2d4cdab631a34e234bf6e54e585"
dependencies = [
 "sgx_types",
]

[[package]]
name = "sgx_rand"
version = "1.1.3"
source = "git+https://github.com/apache/teaclave-sgx-sdk.git?rev=v1.1.3#254368badb9eb2d4cdab631a34e234bf6e54e585"
dependencies = [
 "sgx_trts",
 "sgx_tstd",
 "sgx_types",
]

[[package]]
name = "sgx_serialize"
version = "1.1.3"
source = "git+https://github.com/apache/teaclave-sgx-sdk.git?rev=v1.1.3#254368badb9eb2d4cdab631a34e234bf6e54e585"
dependencies = [
 "sgx_tstd",
]

[[package]]
name = "sgx_serialize_derive"
version = "1.1.3"
source = "git+https://github.com/apache/teaclave-sgx-sdk.git?rev=v1.1.3#254368badb9eb2d4cdab631a34e234bf6e54e585"
dependencies = [
 "quote 0.3.15",
 "sgx_serialize_derive_internals",
 "syn 0.11.11",
]

[[package]]
name = "sgx_serialize_derive_internals"
version = "1.1.3"
source = "git+https://github.com/apache/teaclave-sgx-sdk.git?rev=v1.1.3#254368badb9eb2d4cdab631a34e234bf6e54e585"
dependencies = [
 "syn 0.11.11",
]

[[package]]
name = "sgx_tcrypto"
version = "1.1.3"
source = "git+https://github.com/apache/teaclave-sgx-sdk.git?rev=v1.1.3#254368badb9eb2d4cdab631a34e234bf6e54e585"
dependencies = [
 "sgx_types",
]

[[package]]
name = "sgx_tprotected_fs"
version = "1.1.3"
source = "git+https://github.com/apache/teaclave-sgx-sdk.git?rev=v1.1.3#254368badb9eb2d4cdab631a34e234bf6e54e585"
dependencies = [
 "sgx_trts",
 "sgx_types",
]

[[package]]
name = "sgx_trts"
version = "1.1.3"
source = "git+https://github.com/apache/teaclave-sgx-sdk.git?rev=v1.1.3#254368badb9eb2d4cdab631a34e234bf6e54e585"
dependencies = [
 "sgx_libc",
 "sgx_types",
]

[[package]]
name = "sgx_tse"
version = "1.1.3"
source = "git+https://github.com/apache/teaclave-sgx-sdk.git?rev=v1.1.3#254368badb9eb2d4cdab631a34e234bf6e54e585"
dependencies = [
 "sgx_types",
]

[[package]]
name = "sgx_tseal"
version = "1.1.3"
source = "git+https://github.com/apache/teaclave-sgx-sdk.git?rev=v1.1.3#254368badb9eb2d4cdab631a34e234bf6e54e585"
dependencies = [
 "sgx_tcrypto",
 "sgx_trts",
 "sgx_tse",
 "sgx_types",
]

[[package]]
name = "sgx_tstd"
version = "1.1.3"
source = "git+https://github.com/apache/teaclave-sgx-sdk.git?rev=v1.1.3#254368badb9eb2d4cdab631a34e234bf6e54e585"
dependencies = [
 "hashbrown_tstd",
 "sgx_alloc",
 "sgx_backtrace_sys",
 "sgx_demangle",
 "sgx_libc",
 "sgx_tprotected_fs",
 "sgx_trts",
 "sgx_types",
 "sgx_unwind",
]

[[package]]
name = "sgx_types"
version = "1.1.3"
source = "git+https://github.com/apache/teaclave-sgx-sdk.git?rev=v1.1.3#254368badb9eb2d4cdab631a34e234bf6e54e585"

[[package]]
name = "sgx_unwind"
version = "0.1.1"
source = "git+https://github.com/apache/teaclave-sgx-sdk.git?rev=v1.1.3#254368badb9eb2d4cdab631a34e234bf6e54e585"
dependencies = [
 "sgx_build_helper",
]

[[package]]
name = "sha2"
version = "0.8.0"
source = "git+https://github.com/mesalock-linux/rustcrypto-hashes-sgx?tag=sgx_1.1.3#54ac4af765ec6b424add4e7559e82328bd052060"
dependencies = [
 "block-buffer",
 "digest 0.8.1 (git+https://github.com/mesalock-linux/rustcrypto-traits-sgx)",
 "fake-simd",
 "opaque-debug",
 "sgx_tstd",
]

[[package]]
name = "sha2"
version = "0.8.0"
source = "git+https://github.com/mesalock-linux/rustcrypto-hashes-sgx#54ac4af765ec6b424add4e7559e82328bd052060"
dependencies = [
 "block-buffer",
 "digest 0.8.1 (git+https://github.com/mesalock-linux/rustcrypto-traits-sgx)",
 "fake-simd",
 "opaque-debug",
 "sgx_tstd",
]

[[package]]
name = "sha3"
version = "0.8.2"
source = "git+https://github.com/mesalock-linux/rustcrypto-hashes-sgx?tag=sgx_1.1.3#54ac4af765ec6b424add4e7559e82328bd052060"
dependencies = [
 "block-buffer",
 "byte-tools",
 "digest 0.8.1 (git+https://github.com/mesalock-linux/rustcrypto-traits-sgx)",
 "keccak",
 "opaque-debug",
 "sgx_tstd",
]

[[package]]
name = "smallvec"
version = "1.1.0"
source = "git+https://github.com/mesalock-linux/rust-smallvec-sgx#344d280886e88e1dd923b54d7e36fd46fc0e725e"
dependencies = [
 "sgx_tstd",
]

[[package]]
name = "spin"
version = "0.5.2"
source = "registry+https://github.com/rust-lang/crates.io-index"
checksum = "6e63cff320ae2c57904679ba7cb63280a3dc4613885beafb148ee7bf9aa9042d"

[[package]]
name = "subtle"
version = "2.2.2"
source = "git+https://github.com/mesalock-linux/subtle-sgx#8ee32fc0902a4594bd12e272357e2d76cde9dad1"
dependencies = [
 "sgx_tstd",
]

[[package]]
name = "syn"
version = "0.11.11"
source = "registry+https://github.com/rust-lang/crates.io-index"
checksum = "d3b891b9015c88c576343b9b3e41c2c11a51c219ef067b264bd9c8aa9b441dad"
dependencies = [
 "quote 0.3.15",
 "synom",
 "unicode-xid 0.0.4",
]

[[package]]
name = "syn"
version = "1.0.51"
source = "registry+https://github.com/rust-lang/crates.io-index"
checksum = "3b4f34193997d92804d359ed09953e25d5138df6bcc055a71bf68ee89fdf9223"
dependencies = [
 "proc-macro2",
 "quote 1.0.7",
 "unicode-xid 0.2.1",
]

[[package]]
name = "synom"
version = "0.11.3"
source = "registry+https://github.com/rust-lang/crates.io-index"
checksum = "a393066ed9010ebaed60b9eafa373d4b1baac186dd7e008555b0f702b51945b6"
dependencies = [
 "unicode-xid 0.0.4",
]

[[package]]
name = "typenum"
version = "1.12.0"
source = "registry+https://github.com/rust-lang/crates.io-index"
checksum = "373c8a200f9e67a0c95e62a4f52fbf80c23b4381c05a17845531982fa99e6b33"

[[package]]
name = "unicode-xid"
version = "0.0.4"
source = "registry+https://github.com/rust-lang/crates.io-index"
checksum = "8c1f860d7d29cf02cb2f3f359fd35991af3d30bac52c57d265a3c461074cb4dc"

[[package]]
name = "unicode-xid"
version = "0.2.1"
source = "registry+https://github.com/rust-lang/crates.io-index"
checksum = "f7fe0bb3479651439c9112f72b6c505038574c9fbb575ed1bf3b797fa39dd564"

[[package]]
name = "zeroize"
version = "0.10.1"
source = "registry+https://github.com/rust-lang/crates.io-index"
checksum = "4090487fa66630f7b166fba2bbb525e247a5449f41c468cc1d98f8ae6ac03120"
