# This file is automatically @generated by Cargo.
# It is not intended for manual editing.
version = 3

[[package]]
name = "bip39"
version = "1.2.0"
source = "registry+https://github.com/rust-lang/crates.io-index"
checksum = "29b9e657de8ff1c3488a4ab77cb51d604eab53415ce34f0bc800f2eac9b13c28"
dependencies = [
 "bitcoin_hashes",
 "rand_core",
 "serde",
 "unicode-normalization",
]

[[package]]
name = "bitcoin_hashes"
version = "0.11.0"
source = "registry+https://github.com/rust-lang/crates.io-index"
checksum = "90064b8dee6815a6470d60bad07bbbaee885c0e12d04177138fa3291a01b7bc4"

[[package]]
name = "hex"
version = "0.4.3"
source = "registry+https://github.com/rust-lang/crates.io-index"
checksum = "7f24254aa9a54b5c858eaee2f5bccdb46aaf0e486a595ed5fd8f86ba55232a70"

[[package]]
name = "mainstay_keygen"
version = "0.1.0"
dependencies = [
 "bip39",
 "hex",
]

[[package]]
name = "maybe-uninit"
version = "2.0.0"
source = "registry+https://github.com/rust-lang/crates.io-index"
checksum = "60302e4db3a61da70c0cb7991976248362f30319e88850c487b9b95bbf059e00"

[[package]]
name = "proc-macro2"
version = "1.0.78"
source = "registry+https://github.com/rust-lang/crates.io-index"
checksum = "e2422ad645d89c99f8f3e6b88a9fdeca7fabeac836b1002371c4367c8f984aae"
dependencies = [
 "unicode-ident",
]

[[package]]
name = "quote"
version = "1.0.35"
source = "registry+https://github.com/rust-lang/crates.io-index"
checksum = "291ec9ab5efd934aaf503a6466c5d5251535d108ee747472c3977cc5acc868ef"
dependencies = [
 "proc-macro2",
]

[[package]]
name = "rand_core"
version = "0.4.2"
source = "registry+https://github.com/rust-lang/crates.io-index"
checksum = "9c33a3c44ca05fa6f1807d8e6743f3824e8509beca625669633be0acbdf509dc"

[[package]]
name = "serde"
version = "1.0.196"
source = "registry+https://github.com/rust-lang/crates.io-index"
checksum = "870026e60fa08c69f064aa766c10f10b1d62db9ccd4d0abb206472bee0ce3b32"
dependencies = [
 "serde_derive",
]

[[package]]
name = "serde_derive"
version = "1.0.196"
source = "registry+https://github.com/rust-lang/crates.io-index"
checksum = "33c85360c95e7d137454dc81d9a4ed2b8efd8fbe19cee57357b32b9771fccb67"
dependencies = [
 "proc-macro2",
 "quote",
 "syn",
]

[[package]]
name = "smallvec"
version = "0.6.14"
source = "registry+https://github.com/rust-lang/crates.io-index"
checksum = "b97fcaeba89edba30f044a10c6a3cc39df9c3f17d7cd829dd1446cab35f890e0"
dependencies = [
 "maybe-uninit",
]

[[package]]
name = "syn"
version = "2.0.48"
source = "registry+https://github.com/rust-lang/crates.io-index"
checksum = "0f3531638e407dfc0814761abb7c00a5b54992b849452a0646b7f65c9f770f3f"
dependencies = [
 "proc-macro2",
 "quote",
 "unicode-ident",
]

[[package]]
name = "unicode-ident"
version = "1.0.12"
source = "registry+https://github.com/rust-lang/crates.io-index"
checksum = "3354b9ac3fae1ff6755cb6db53683adb661634f67557942dea4facebec0fee4b"

[[package]]
name = "unicode-normalization"
version = "0.1.9"
source = "registry+https://github.com/rust-lang/crates.io-index"
checksum = "09c8070a9942f5e7cfccd93f490fdebd230ee3c3c9f107cb25bad5351ef671cf"
dependencies = [
 "smallvec",
]
